
Microsoft Visual Studio Solution File, Format Version 12.00
# Visual Studio Version 17
VisualStudioVersion = 17.0.32112.339
MinimumVisualStudioVersion = 10.0.40219.1
Project("{FAE04EC0-301F-11D3-BF4B-00C04F79EFBC}") = "polyndrome", "polyndrome\polyndrome.csproj", "{E0FD9733-A5B1-4713-8EF6-7FFF4CBE940E}"
EndProject
Global
	GlobalSection(SolutionConfigurationPlatforms) = preSolution
		Debug|Any CPU = Debug|Any CPU
		Release|Any CPU = Release|Any CPU
	EndGlobalSection
	GlobalSection(ProjectConfigurationPlatforms) = postSolution
		{E0FD9733-A5B1-4713-8EF6-7FFF4CBE940E}.Debug|Any CPU.ActiveCfg = Debug|Any CPU
		{E0FD9733-A5B1-4713-8EF6-7FFF4CBE940E}.Debug|Any CPU.Build.0 = Debug|Any CPU
		{E0FD9733-A5B1-4713-8EF6-7FFF4CBE940E}.Release|Any CPU.ActiveCfg = Release|Any CPU
		{E0FD9733-A5B1-4713-8EF6-7FFF4CBE940E}.Release|Any CPU.Build.0 = Release|Any CPU
	EndGlobalSection
	GlobalSection(SolutionProperties) = preSolution
		HideSolutionNode = FALSE
	EndGlobalSection
	GlobalSection(ExtensibilityGlobals) = postSolution
		SolutionGuid = {29C3D88D-53A2-4312-B075-3F294CB72FBD}
	EndGlobalSection
EndGlobal
